
Microsoft Visual Studio Solution File, Format Version 12.00
# Visual Studio Version 16
VisualStudioVersion = 16.0.30621.155
MinimumVisualStudioVersion = 10.0.40219.1
Project("{FAE04EC0-301F-11D3-BF4B-00C04F79EFBC}") = "ExercicioCleziel", "ExercicioCleziel\ExercicioCleziel.csproj", "{D74B7B06-0C3A-4601-88D6-17798A4CF423}"
EndProject
Global
	GlobalSection(SolutionConfigurationPlatforms) = preSolution
		Debug|Any CPU = Debug|Any CPU
		Release|Any CPU = Release|Any CPU
	EndGlobalSection
	GlobalSection(ProjectConfigurationPlatforms) = postSolution
		{D74B7B06-0C3A-4601-88D6-17798A4CF423}.Debug|Any CPU.ActiveCfg = Debug|Any CPU
		{D74B7B06-0C3A-4601-88D6-17798A4CF423}.Debug|Any CPU.Build.0 = Debug|Any CPU
		{D74B7B06-0C3A-4601-88D6-17798A4CF423}.Release|Any CPU.ActiveCfg = Release|Any CPU
		{D74B7B06-0C3A-4601-88D6-17798A4CF423}.Release|Any CPU.Build.0 = Release|Any CPU
	EndGlobalSection
	GlobalSection(SolutionProperties) = preSolution
		HideSolutionNode = FALSE
	EndGlobalSection
	GlobalSection(ExtensibilityGlobals) = postSolution
		SolutionGuid = {CACEE1D2-7EE2-410D-A918-D314E463C2D4}
	EndGlobalSection
EndGlobal
