
Microsoft Visual Studio Solution File, Format Version 12.00
# Visual Studio Version 16
VisualStudioVersion = 16.0.30621.155
MinimumVisualStudioVersion = 10.0.40219.1
Project("{FAE04EC0-301F-11D3-BF4B-00C04F79EFBC}") = "4-Operadores_Aritimeticos", "4-Operadores_Aritimeticos\4-Operadores_Aritimeticos.csproj", "{DD029C36-69B7-4F6D-A1EA-2A6F6931B945}"
EndProject
Global
	GlobalSection(SolutionConfigurationPlatforms) = preSolution
		Debug|Any CPU = Debug|Any CPU
		Release|Any CPU = Release|Any CPU
	EndGlobalSection
	GlobalSection(ProjectConfigurationPlatforms) = postSolution
		{DD029C36-69B7-4F6D-A1EA-2A6F6931B945}.Debug|Any CPU.ActiveCfg = Debug|Any CPU
		{DD029C36-69B7-4F6D-A1EA-2A6F6931B945}.Debug|Any CPU.Build.0 = Debug|Any CPU
		{DD029C36-69B7-4F6D-A1EA-2A6F6931B945}.Release|Any CPU.ActiveCfg = Release|Any CPU
		{DD029C36-69B7-4F6D-A1EA-2A6F6931B945}.Release|Any CPU.Build.0 = Release|Any CPU
	EndGlobalSection
	GlobalSection(SolutionProperties) = preSolution
		HideSolutionNode = FALSE
	EndGlobalSection
	GlobalSection(ExtensibilityGlobals) = postSolution
		SolutionGuid = {2BB9E462-EA9E-4CB0-8FC0-6C359ECB3365}
	EndGlobalSection
EndGlobal
