
Microsoft Visual Studio Solution File, Format Version 12.00
# Visual Studio Version 16
VisualStudioVersion = 16.0.30621.155
MinimumVisualStudioVersion = 10.0.40219.1
Project("{FAE04EC0-301F-11D3-BF4B-00C04F79EFBC}") = "removendoelementovetor", "removendoelementovetor\removendoelementovetor.csproj", "{318C1402-DEA5-46E9-BC05-C97D123AB682}"
EndProject
Global
	GlobalSection(SolutionConfigurationPlatforms) = preSolution
		Debug|Any CPU = Debug|Any CPU
		Release|Any CPU = Release|Any CPU
	EndGlobalSection
	GlobalSection(ProjectConfigurationPlatforms) = postSolution
		{318C1402-DEA5-46E9-BC05-C97D123AB682}.Debug|Any CPU.ActiveCfg = Debug|Any CPU
		{318C1402-DEA5-46E9-BC05-C97D123AB682}.Debug|Any CPU.Build.0 = Debug|Any CPU
		{318C1402-DEA5-46E9-BC05-C97D123AB682}.Release|Any CPU.ActiveCfg = Release|Any CPU
		{318C1402-DEA5-46E9-BC05-C97D123AB682}.Release|Any CPU.Build.0 = Release|Any CPU
	EndGlobalSection
	GlobalSection(SolutionProperties) = preSolution
		HideSolutionNode = FALSE
	EndGlobalSection
	GlobalSection(ExtensibilityGlobals) = postSolution
		SolutionGuid = {8165F6D6-BE15-4AC8-9A4D-93530D8A16CE}
	EndGlobalSection
EndGlobal
