
Microsoft Visual Studio Solution File, Format Version 12.00
# Visual Studio Version 16
VisualStudioVersion = 16.0.30621.155
MinimumVisualStudioVersion = 10.0.40219.1
Project("{FAE04EC0-301F-11D3-BF4B-00C04F79EFBC}") = "Exercicios_pt2", "Exercicios_pt2\Exercicios_pt2.csproj", "{6754ACC6-B123-4F8D-AD9C-38AAC1367021}"
EndProject
Global
	GlobalSection(SolutionConfigurationPlatforms) = preSolution
		Debug|Any CPU = Debug|Any CPU
		Release|Any CPU = Release|Any CPU
	EndGlobalSection
	GlobalSection(ProjectConfigurationPlatforms) = postSolution
		{6754ACC6-B123-4F8D-AD9C-38AAC1367021}.Debug|Any CPU.ActiveCfg = Debug|Any CPU
		{6754ACC6-B123-4F8D-AD9C-38AAC1367021}.Debug|Any CPU.Build.0 = Debug|Any CPU
		{6754ACC6-B123-4F8D-AD9C-38AAC1367021}.Release|Any CPU.ActiveCfg = Release|Any CPU
		{6754ACC6-B123-4F8D-AD9C-38AAC1367021}.Release|Any CPU.Build.0 = Release|Any CPU
	EndGlobalSection
	GlobalSection(SolutionProperties) = preSolution
		HideSolutionNode = FALSE
	EndGlobalSection
	GlobalSection(ExtensibilityGlobals) = postSolution
		SolutionGuid = {40F174FE-0CCC-46FF-837C-26E849FA206C}
	EndGlobalSection
EndGlobal
